github.com/maku77/hugo-module-maku-common v0.0.0-20241013125456-a65e51e835ea h1:LShxD/wy+MyweXP9Wdc8jlCpYrwueITRsB8/6ubgx4g=
github.com/maku77/hugo-module-maku-common v0.0.0-20241013125456-a65e51e835ea/go.mod h1:ldVdMgaBNCLyWlUU6j/laNV5qkT5wA6AdWonmjra4Xo=
github.com/maku77/hugo-theme-maku v0.0.0-20241013125525-29b6e1fb7937 h1:mpcLhjqvuXt7eiwQroUoCtbfYZp283YA1AFOzNhlbK0=
github.com/maku77/hugo-theme-maku v0.0.0-20241013125525-29b6e1fb7937/go.mod h1:PzlLP9l/H8hyk+3WDdm/PcQi51MXITp9PRGdcR5L5wo=
