github.com/maku77/hugo-module-maku-blog v0.0.0-20250915070045-2a16f30346c4 h1:mm52N8DW7WIBJm/I7J6WiTXvfyjromdTapGk3AtJY4I=
github.com/maku77/hugo-module-maku-blog v0.0.0-20250915070045-2a16f30346c4/go.mod h1:lAssHcmbtLBiluKJKZ6DNjeGguPbuRFxeCM40lKl8xg=
github.com/maku77/hugo-module-maku-common v0.0.0-20251207091206-cd8400836804 h1:ksa1EZZN/Y00lISSxGaN+xazMNjOrVmAS6OpMNN+yxg=
github.com/maku77/hugo-module-maku-common v0.0.0-20251207091206-cd8400836804/go.mod h1:ldVdMgaBNCLyWlUU6j/laNV5qkT5wA6AdWonmjra4Xo=
