github.com/maku77/hugo-module-maku-common v0.0.0-20240224173652-847410aa3d39 h1:DLJKSjqdSidhf4fP7ZX5mkjJcIPkv0Yf1LM8Yye8rmw=
github.com/maku77/hugo-module-maku-common v0.0.0-20240224173652-847410aa3d39/go.mod h1:ldVdMgaBNCLyWlUU6j/laNV5qkT5wA6AdWonmjra4Xo=
github.com/maku77/hugo-theme-maku v0.0.0-20240224173942-22c676a45e41 h1:Lt+YR/GQnftBAtAEcR5tQRWaXd/WF03fagYIzIcLpzc=
github.com/maku77/hugo-theme-maku v0.0.0-20240224173942-22c676a45e41/go.mod h1:PzlLP9l/H8hyk+3WDdm/PcQi51MXITp9PRGdcR5L5wo=
